
Microsoft Visual Studio Solution File, Format Version 12.00
# Visual Studio 2013
VisualStudioVersion = 12.0.30501.0
MinimumVisualStudioVersion = 10.0.40219.1
Project("{8BC9CEB8-8B4A-11D0-8D11-00A0C91BC942}") = "D3DLib", "d3dlib\D3DLib\D3DLib.vcxproj", "{BED31694-FF93-4B32-A54D-527043077B74}"
EndProject
Project("{8BC9CEB8-8B4A-11D0-8D11-00A0C91BC942}") = "D3DLibTest (from D3DLIB)", "d3dlib\D3DLibTest\D3DLibTest.vcxproj", "{57285D49-15C8-451F-BE1B-3D4B404DB426}"
	ProjectSection(ProjectDependencies) = postProject
		{BED31694-FF93-4B32-A54D-527043077B74} = {BED31694-FF93-4B32-A54D-527043077B74}
	EndProjectSection
EndProject
Project("{8BC9CEB8-8B4A-11D0-8D11-00A0C91BC942}") = "GRACE Test 1", "grace-test1\grace-test1.vcxproj", "{1378A974-4014-4DAB-BD9D-C94304DCD83D}"
	ProjectSection(ProjectDependencies) = postProject
		{BED31694-FF93-4B32-A54D-527043077B74} = {BED31694-FF93-4B32-A54D-527043077B74}
	EndProjectSection
EndProject
Project("{FAE04EC0-301F-11D3-BF4B-00C04F79EFBC}") = "GRACE CMD", "GRACE CMD\GRACE CMD.csproj", "{2D6CE6B2-E237-4DAF-8BE9-6C48044597FB}"
EndProject
Project("{FAE04EC0-301F-11D3-BF4B-00C04F79EFBC}") = "GRACE Map", "GRACE Map\GRACE Map.csproj", "{85FBD3FA-25FA-4852-8F22-1A84BCC655C0}"
	ProjectSection(ProjectDependencies) = postProject
		{B257CE19-2C05-4ED4-9B5C-4D813DB09DD7} = {B257CE19-2C05-4ED4-9B5C-4D813DB09DD7}
	EndProjectSection
EndProject
Project("{FAE04EC0-301F-11D3-BF4B-00C04F79EFBC}") = "GRACEdata", "GRACEdata\GRACEdata.csproj", "{B257CE19-2C05-4ED4-9B5C-4D813DB09DD7}"
EndProject
Project("{FAE04EC0-301F-11D3-BF4B-00C04F79EFBC}") = "GRACE Chart", "GRACE Chart\GRACE Chart.csproj", "{3B4F94D7-F170-4D05-AF58-CDA9B80495C0}"
EndProject
Project("{FAE04EC0-301F-11D3-BF4B-00C04F79EFBC}") = "ChartLib", "chartlib\ChartLib.csproj", "{F2FF6C46-A791-4CAE-AB46-BD1A37F3FCD7}"
EndProject
Project("{2150E333-8FDC-42A3-9474-1A3956D46DE8}") = "Libraries", "Libraries", "{A42B4D48-1C08-4503-9ABE-6F9D8D7C769D}"
EndProject
Project("{2150E333-8FDC-42A3-9474-1A3956D46DE8}") = "GRACE 3D", "GRACE 3D", "{E1C93458-1120-4713-8D46-387E351DBBB3}"
EndProject
Project("{FAE04EC0-301F-11D3-BF4B-00C04F79EFBC}") = "GRACE JSON", "GRACE JSON\GRACE JSON.csproj", "{A77124AA-8A74-439E-AEB9-3D011107633B}"
EndProject
Global
	GlobalSection(SolutionConfigurationPlatforms) = preSolution
		Debug|Any CPU = Debug|Any CPU
		Debug|x64 = Debug|x64
		Debug|x86 = Debug|x86
		Release|Any CPU = Release|Any CPU
		Release|x64 = Release|x64
		Release|x86 = Release|x86
	EndGlobalSection
	GlobalSection(ProjectConfigurationPlatforms) = postSolution
		{BED31694-FF93-4B32-A54D-527043077B74}.Debug|Any CPU.ActiveCfg = Debug|Win32
		{BED31694-FF93-4B32-A54D-527043077B74}.Debug|Any CPU.Build.0 = Debug|Win32
		{BED31694-FF93-4B32-A54D-527043077B74}.Debug|x64.ActiveCfg = Debug|x64
		{BED31694-FF93-4B32-A54D-527043077B74}.Debug|x64.Build.0 = Debug|x64
		{BED31694-FF93-4B32-A54D-527043077B74}.Debug|x86.ActiveCfg = Debug|Win32
		{BED31694-FF93-4B32-A54D-527043077B74}.Debug|x86.Build.0 = Debug|Win32
		{BED31694-FF93-4B32-A54D-527043077B74}.Release|Any CPU.ActiveCfg = Release|Win32
		{BED31694-FF93-4B32-A54D-527043077B74}.Release|Any CPU.Build.0 = Release|Win32
		{BED31694-FF93-4B32-A54D-527043077B74}.Release|x64.ActiveCfg = Release|x64
		{BED31694-FF93-4B32-A54D-527043077B74}.Release|x64.Build.0 = Release|x64
		{BED31694-FF93-4B32-A54D-527043077B74}.Release|x86.ActiveCfg = Release|Win32
		{BED31694-FF93-4B32-A54D-527043077B74}.Release|x86.Build.0 = Release|Win32
		{57285D49-15C8-451F-BE1B-3D4B404DB426}.Debug|Any CPU.ActiveCfg = Debug|Win32
		{57285D49-15C8-451F-BE1B-3D4B404DB426}.Debug|Any CPU.Build.0 = Debug|Win32
		{57285D49-15C8-451F-BE1B-3D4B404DB426}.Debug|x64.ActiveCfg = Debug|x64
		{57285D49-15C8-451F-BE1B-3D4B404DB426}.Debug|x64.Build.0 = Debug|x64
		{57285D49-15C8-451F-BE1B-3D4B404DB426}.Debug|x86.ActiveCfg = Debug|Win32
		{57285D49-15C8-451F-BE1B-3D4B404DB426}.Debug|x86.Build.0 = Debug|Win32
		{57285D49-15C8-451F-BE1B-3D4B404DB426}.Release|Any CPU.ActiveCfg = Release|Win32
		{57285D49-15C8-451F-BE1B-3D4B404DB426}.Release|Any CPU.Build.0 = Release|Win32
		{57285D49-15C8-451F-BE1B-3D4B404DB426}.Release|x64.ActiveCfg = Release|x64
		{57285D49-15C8-451F-BE1B-3D4B404DB426}.Release|x64.Build.0 = Release|x64
		{57285D49-15C8-451F-BE1B-3D4B404DB426}.Release|x86.ActiveCfg = Release|Win32
		{57285D49-15C8-451F-BE1B-3D4B404DB426}.Release|x86.Build.0 = Release|Win32
		{1378A974-4014-4DAB-BD9D-C94304DCD83D}.Debug|Any CPU.ActiveCfg = Debug|Win32
		{1378A974-4014-4DAB-BD9D-C94304DCD83D}.Debug|Any CPU.Build.0 = Debug|Win32
		{1378A974-4014-4DAB-BD9D-C94304DCD83D}.Debug|x64.ActiveCfg = Debug|x64
		{1378A974-4014-4DAB-BD9D-C94304DCD83D}.Debug|x64.Build.0 = Debug|x64
		{1378A974-4014-4DAB-BD9D-C94304DCD83D}.Debug|x86.ActiveCfg = Debug|Win32
		{1378A974-4014-4DAB-BD9D-C94304DCD83D}.Debug|x86.Build.0 = Debug|Win32
		{1378A974-4014-4DAB-BD9D-C94304DCD83D}.Release|Any CPU.ActiveCfg = Release|Win32
		{1378A974-4014-4DAB-BD9D-C94304DCD83D}.Release|Any CPU.Build.0 = Release|Win32
		{1378A974-4014-4DAB-BD9D-C94304DCD83D}.Release|x64.ActiveCfg = Release|x64
		{1378A974-4014-4DAB-BD9D-C94304DCD83D}.Release|x64.Build.0 = Release|x64
		{1378A974-4014-4DAB-BD9D-C94304DCD83D}.Release|x86.ActiveCfg = Release|Win32
		{1378A974-4014-4DAB-BD9D-C94304DCD83D}.Release|x86.Build.0 = Release|Win32
		{2D6CE6B2-E237-4DAF-8BE9-6C48044597FB}.Debug|Any CPU.ActiveCfg = Debug|x86
		{2D6CE6B2-E237-4DAF-8BE9-6C48044597FB}.Debug|Any CPU.Build.0 = Debug|x86
		{2D6CE6B2-E237-4DAF-8BE9-6C48044597FB}.Debug|x64.ActiveCfg = Debug|x64
		{2D6CE6B2-E237-4DAF-8BE9-6C48044597FB}.Debug|x64.Build.0 = Debug|x64
		{2D6CE6B2-E237-4DAF-8BE9-6C48044597FB}.Debug|x86.ActiveCfg = Debug|x86
		{2D6CE6B2-E237-4DAF-8BE9-6C48044597FB}.Debug|x86.Build.0 = Debug|x86
		{2D6CE6B2-E237-4DAF-8BE9-6C48044597FB}.Release|Any CPU.ActiveCfg = Release|x86
		{2D6CE6B2-E237-4DAF-8BE9-6C48044597FB}.Release|Any CPU.Build.0 = Release|x86
		{2D6CE6B2-E237-4DAF-8BE9-6C48044597FB}.Release|x64.ActiveCfg = Release|x64
		{2D6CE6B2-E237-4DAF-8BE9-6C48044597FB}.Release|x64.Build.0 = Release|x64
		{2D6CE6B2-E237-4DAF-8BE9-6C48044597FB}.Release|x86.ActiveCfg = Release|x86
		{2D6CE6B2-E237-4DAF-8BE9-6C48044597FB}.Release|x86.Build.0 = Release|x86
		{85FBD3FA-25FA-4852-8F22-1A84BCC655C0}.Debug|Any CPU.ActiveCfg = Debug|x86
		{85FBD3FA-25FA-4852-8F22-1A84BCC655C0}.Debug|Any CPU.Build.0 = Debug|x86
		{85FBD3FA-25FA-4852-8F22-1A84BCC655C0}.Debug|x64.ActiveCfg = Debug|x64
		{85FBD3FA-25FA-4852-8F22-1A84BCC655C0}.Debug|x64.Build.0 = Debug|x64
		{85FBD3FA-25FA-4852-8F22-1A84BCC655C0}.Debug|x86.ActiveCfg = Debug|x86
		{85FBD3FA-25FA-4852-8F22-1A84BCC655C0}.Debug|x86.Build.0 = Debug|x86
		{85FBD3FA-25FA-4852-8F22-1A84BCC655C0}.Release|Any CPU.ActiveCfg = Release|x86
		{85FBD3FA-25FA-4852-8F22-1A84BCC655C0}.Release|Any CPU.Build.0 = Release|x86
		{85FBD3FA-25FA-4852-8F22-1A84BCC655C0}.Release|x64.ActiveCfg = Release|x64
		{85FBD3FA-25FA-4852-8F22-1A84BCC655C0}.Release|x64.Build.0 = Release|x64
		{85FBD3FA-25FA-4852-8F22-1A84BCC655C0}.Release|x86.ActiveCfg = Release|x86
		{85FBD3FA-25FA-4852-8F22-1A84BCC655C0}.Release|x86.Build.0 = Release|x86
		{B257CE19-2C05-4ED4-9B5C-4D813DB09DD7}.Debug|Any CPU.ActiveCfg = Debug|x86
		{B257CE19-2C05-4ED4-9B5C-4D813DB09DD7}.Debug|Any CPU.Build.0 = Debug|x86
		{B257CE19-2C05-4ED4-9B5C-4D813DB09DD7}.Debug|x64.ActiveCfg = Debug|x64
		{B257CE19-2C05-4ED4-9B5C-4D813DB09DD7}.Debug|x64.Build.0 = Debug|x64
		{B257CE19-2C05-4ED4-9B5C-4D813DB09DD7}.Debug|x86.ActiveCfg = Debug|x86
		{B257CE19-2C05-4ED4-9B5C-4D813DB09DD7}.Debug|x86.Build.0 = Debug|x86
		{B257CE19-2C05-4ED4-9B5C-4D813DB09DD7}.Release|Any CPU.ActiveCfg = Release|x86
		{B257CE19-2C05-4ED4-9B5C-4D813DB09DD7}.Release|Any CPU.Build.0 = Release|x86
		{B257CE19-2C05-4ED4-9B5C-4D813DB09DD7}.Release|x64.ActiveCfg = Release|x64
		{B257CE19-2C05-4ED4-9B5C-4D813DB09DD7}.Release|x64.Build.0 = Release|x64
		{B257CE19-2C05-4ED4-9B5C-4D813DB09DD7}.Release|x86.ActiveCfg = Release|x86
		{B257CE19-2C05-4ED4-9B5C-4D813DB09DD7}.Release|x86.Build.0 = Release|x86
		{3B4F94D7-F170-4D05-AF58-CDA9B80495C0}.Debug|Any CPU.ActiveCfg = Debug|x86
		{3B4F94D7-F170-4D05-AF58-CDA9B80495C0}.Debug|Any CPU.Build.0 = Debug|x86
		{3B4F94D7-F170-4D05-AF58-CDA9B80495C0}.Debug|x64.ActiveCfg = Debug|x64
		{3B4F94D7-F170-4D05-AF58-CDA9B80495C0}.Debug|x64.Build.0 = Debug|x64
		{3B4F94D7-F170-4D05-AF58-CDA9B80495C0}.Debug|x86.ActiveCfg = Debug|x86
		{3B4F94D7-F170-4D05-AF58-CDA9B80495C0}.Debug|x86.Build.0 = Debug|x86
		{3B4F94D7-F170-4D05-AF58-CDA9B80495C0}.Release|Any CPU.ActiveCfg = Release|x86
		{3B4F94D7-F170-4D05-AF58-CDA9B80495C0}.Release|Any CPU.Build.0 = Release|x86
		{3B4F94D7-F170-4D05-AF58-CDA9B80495C0}.Release|x64.ActiveCfg = Release|x64
		{3B4F94D7-F170-4D05-AF58-CDA9B80495C0}.Release|x64.Build.0 = Release|x64
		{3B4F94D7-F170-4D05-AF58-CDA9B80495C0}.Release|x86.ActiveCfg = Release|x86
		{3B4F94D7-F170-4D05-AF58-CDA9B80495C0}.Release|x86.Build.0 = Release|x86
		{F2FF6C46-A791-4CAE-AB46-BD1A37F3FCD7}.Debug|Any CPU.ActiveCfg = Debug|x86
		{F2FF6C46-A791-4CAE-AB46-BD1A37F3FCD7}.Debug|Any CPU.Build.0 = Debug|x86
		{F2FF6C46-A791-4CAE-AB46-BD1A37F3FCD7}.Debug|x64.ActiveCfg = Debug|x64
		{F2FF6C46-A791-4CAE-AB46-BD1A37F3FCD7}.Debug|x64.Build.0 = Debug|x64
		{F2FF6C46-A791-4CAE-AB46-BD1A37F3FCD7}.Debug|x86.ActiveCfg = Debug|x86
		{F2FF6C46-A791-4CAE-AB46-BD1A37F3FCD7}.Debug|x86.Build.0 = Debug|x86
		{F2FF6C46-A791-4CAE-AB46-BD1A37F3FCD7}.Release|Any CPU.ActiveCfg = Release|x86
		{F2FF6C46-A791-4CAE-AB46-BD1A37F3FCD7}.Release|Any CPU.Build.0 = Release|x86
		{F2FF6C46-A791-4CAE-AB46-BD1A37F3FCD7}.Release|x64.ActiveCfg = Release|x64
		{F2FF6C46-A791-4CAE-AB46-BD1A37F3FCD7}.Release|x64.Build.0 = Release|x64
		{F2FF6C46-A791-4CAE-AB46-BD1A37F3FCD7}.Release|x86.ActiveCfg = Release|x86
		{F2FF6C46-A791-4CAE-AB46-BD1A37F3FCD7}.Release|x86.Build.0 = Release|x86
		{A77124AA-8A74-439E-AEB9-3D011107633B}.Debug|Any CPU.ActiveCfg = Debug|x86
		{A77124AA-8A74-439E-AEB9-3D011107633B}.Debug|Any CPU.Build.0 = Debug|x86
		{A77124AA-8A74-439E-AEB9-3D011107633B}.Debug|x64.ActiveCfg = Debug|x64
		{A77124AA-8A74-439E-AEB9-3D011107633B}.Debug|x64.Build.0 = Debug|x64
		{A77124AA-8A74-439E-AEB9-3D011107633B}.Debug|x86.ActiveCfg = Debug|x86
		{A77124AA-8A74-439E-AEB9-3D011107633B}.Debug|x86.Build.0 = Debug|x86
		{A77124AA-8A74-439E-AEB9-3D011107633B}.Release|Any CPU.ActiveCfg = Release|x86
		{A77124AA-8A74-439E-AEB9-3D011107633B}.Release|Any CPU.Build.0 = Release|x86
		{A77124AA-8A74-439E-AEB9-3D011107633B}.Release|x64.ActiveCfg = Release|x64
		{A77124AA-8A74-439E-AEB9-3D011107633B}.Release|x64.Build.0 = Release|x64
		{A77124AA-8A74-439E-AEB9-3D011107633B}.Release|x86.ActiveCfg = Release|x86
		{A77124AA-8A74-439E-AEB9-3D011107633B}.Release|x86.Build.0 = Release|x86
	EndGlobalSection
	GlobalSection(SolutionProperties) = preSolution
		HideSolutionNode = FALSE
	EndGlobalSection
	GlobalSection(NestedProjects) = preSolution
		{BED31694-FF93-4B32-A54D-527043077B74} = {E1C93458-1120-4713-8D46-387E351DBBB3}
		{57285D49-15C8-451F-BE1B-3D4B404DB426} = {E1C93458-1120-4713-8D46-387E351DBBB3}
		{1378A974-4014-4DAB-BD9D-C94304DCD83D} = {E1C93458-1120-4713-8D46-387E351DBBB3}
		{B257CE19-2C05-4ED4-9B5C-4D813DB09DD7} = {A42B4D48-1C08-4503-9ABE-6F9D8D7C769D}
		{F2FF6C46-A791-4CAE-AB46-BD1A37F3FCD7} = {A42B4D48-1C08-4503-9ABE-6F9D8D7C769D}
	EndGlobalSection
EndGlobal
