
Microsoft Visual Studio Solution File, Format Version 12.00
# Visual Studio 2013
VisualStudioVersion = 12.0.30501.0
MinimumVisualStudioVersion = 10.0.40219.1
Project("{8BC9CEB8-8B4A-11D0-8D11-00A0C91BC942}") = "D3DLib", "d3dlib\D3DLib\D3DLib.vcxproj", "{BED31694-FF93-4B32-A54D-527043077B74}"
EndProject
Project("{8BC9CEB8-8B4A-11D0-8D11-00A0C91BC942}") = "D3DLibTest (from D3DLIB)", "d3dlib\D3DLibTest\D3DLibTest.vcxproj", "{57285D49-15C8-451F-BE1B-3D4B404DB426}"
	ProjectSection(ProjectDependencies) = postProject
		{BED31694-FF93-4B32-A54D-527043077B74} = {BED31694-FF93-4B32-A54D-527043077B74}
	EndProjectSection
EndProject
Project("{8BC9CEB8-8B4A-11D0-8D11-00A0C91BC942}") = "GRACE Test 1", "grace-test1\grace-test1.vcxproj", "{1378A974-4014-4DAB-BD9D-C94304DCD83D}"
	ProjectSection(ProjectDependencies) = postProject
		{BED31694-FF93-4B32-A54D-527043077B74} = {BED31694-FF93-4B32-A54D-527043077B74}
	EndProjectSection
EndProject
Project("{FAE04EC0-301F-11D3-BF4B-00C04F79EFBC}") = "GRACE CMD", "GRACE CMD\GRACE CMD.csproj", "{2D6CE6B2-E237-4DAF-8BE9-6C48044597FB}"
EndProject
Global
	GlobalSection(SolutionConfigurationPlatforms) = preSolution
		Debug|Any CPU = Debug|Any CPU
		Debug|Mixed Platforms = Debug|Mixed Platforms
		Debug|Win32 = Debug|Win32
		Debug|x64 = Debug|x64
		Release|Any CPU = Release|Any CPU
		Release|Mixed Platforms = Release|Mixed Platforms
		Release|Win32 = Release|Win32
		Release|x64 = Release|x64
	EndGlobalSection
	GlobalSection(ProjectConfigurationPlatforms) = postSolution
		{BED31694-FF93-4B32-A54D-527043077B74}.Debug|Any CPU.ActiveCfg = Debug|Win32
		{BED31694-FF93-4B32-A54D-527043077B74}.Debug|Mixed Platforms.ActiveCfg = Debug|Win32
		{BED31694-FF93-4B32-A54D-527043077B74}.Debug|Mixed Platforms.Build.0 = Debug|Win32
		{BED31694-FF93-4B32-A54D-527043077B74}.Debug|Win32.ActiveCfg = Debug|Win32
		{BED31694-FF93-4B32-A54D-527043077B74}.Debug|Win32.Build.0 = Debug|Win32
		{BED31694-FF93-4B32-A54D-527043077B74}.Debug|x64.ActiveCfg = Debug|x64
		{BED31694-FF93-4B32-A54D-527043077B74}.Debug|x64.Build.0 = Debug|x64
		{BED31694-FF93-4B32-A54D-527043077B74}.Release|Any CPU.ActiveCfg = Release|Win32
		{BED31694-FF93-4B32-A54D-527043077B74}.Release|Mixed Platforms.ActiveCfg = Release|Win32
		{BED31694-FF93-4B32-A54D-527043077B74}.Release|Mixed Platforms.Build.0 = Release|Win32
		{BED31694-FF93-4B32-A54D-527043077B74}.Release|Win32.ActiveCfg = Release|Win32
		{BED31694-FF93-4B32-A54D-527043077B74}.Release|Win32.Build.0 = Release|Win32
		{BED31694-FF93-4B32-A54D-527043077B74}.Release|x64.ActiveCfg = Release|x64
		{BED31694-FF93-4B32-A54D-527043077B74}.Release|x64.Build.0 = Release|x64
		{57285D49-15C8-451F-BE1B-3D4B404DB426}.Debug|Any CPU.ActiveCfg = Debug|Win32
		{57285D49-15C8-451F-BE1B-3D4B404DB426}.Debug|Mixed Platforms.ActiveCfg = Debug|Win32
		{57285D49-15C8-451F-BE1B-3D4B404DB426}.Debug|Mixed Platforms.Build.0 = Debug|Win32
		{57285D49-15C8-451F-BE1B-3D4B404DB426}.Debug|Win32.ActiveCfg = Debug|Win32
		{57285D49-15C8-451F-BE1B-3D4B404DB426}.Debug|Win32.Build.0 = Debug|Win32
		{57285D49-15C8-451F-BE1B-3D4B404DB426}.Debug|x64.ActiveCfg = Debug|x64
		{57285D49-15C8-451F-BE1B-3D4B404DB426}.Debug|x64.Build.0 = Debug|x64
		{57285D49-15C8-451F-BE1B-3D4B404DB426}.Release|Any CPU.ActiveCfg = Release|Win32
		{57285D49-15C8-451F-BE1B-3D4B404DB426}.Release|Mixed Platforms.ActiveCfg = Release|Win32
		{57285D49-15C8-451F-BE1B-3D4B404DB426}.Release|Mixed Platforms.Build.0 = Release|Win32
		{57285D49-15C8-451F-BE1B-3D4B404DB426}.Release|Win32.ActiveCfg = Release|Win32
		{57285D49-15C8-451F-BE1B-3D4B404DB426}.Release|Win32.Build.0 = Release|Win32
		{57285D49-15C8-451F-BE1B-3D4B404DB426}.Release|x64.ActiveCfg = Release|x64
		{57285D49-15C8-451F-BE1B-3D4B404DB426}.Release|x64.Build.0 = Release|x64
		{1378A974-4014-4DAB-BD9D-C94304DCD83D}.Debug|Any CPU.ActiveCfg = Debug|Win32
		{1378A974-4014-4DAB-BD9D-C94304DCD83D}.Debug|Mixed Platforms.ActiveCfg = Debug|Win32
		{1378A974-4014-4DAB-BD9D-C94304DCD83D}.Debug|Mixed Platforms.Build.0 = Debug|Win32
		{1378A974-4014-4DAB-BD9D-C94304DCD83D}.Debug|Win32.ActiveCfg = Debug|Win32
		{1378A974-4014-4DAB-BD9D-C94304DCD83D}.Debug|Win32.Build.0 = Debug|Win32
		{1378A974-4014-4DAB-BD9D-C94304DCD83D}.Debug|x64.ActiveCfg = Debug|x64
		{1378A974-4014-4DAB-BD9D-C94304DCD83D}.Debug|x64.Build.0 = Debug|x64
		{1378A974-4014-4DAB-BD9D-C94304DCD83D}.Release|Any CPU.ActiveCfg = Release|Win32
		{1378A974-4014-4DAB-BD9D-C94304DCD83D}.Release|Mixed Platforms.ActiveCfg = Release|Win32
		{1378A974-4014-4DAB-BD9D-C94304DCD83D}.Release|Mixed Platforms.Build.0 = Release|Win32
		{1378A974-4014-4DAB-BD9D-C94304DCD83D}.Release|Win32.ActiveCfg = Release|Win32
		{1378A974-4014-4DAB-BD9D-C94304DCD83D}.Release|Win32.Build.0 = Release|Win32
		{1378A974-4014-4DAB-BD9D-C94304DCD83D}.Release|x64.ActiveCfg = Release|x64
		{1378A974-4014-4DAB-BD9D-C94304DCD83D}.Release|x64.Build.0 = Release|x64
		{2D6CE6B2-E237-4DAF-8BE9-6C48044597FB}.Debug|Any CPU.ActiveCfg = Debug|Any CPU
		{2D6CE6B2-E237-4DAF-8BE9-6C48044597FB}.Debug|Any CPU.Build.0 = Debug|Any CPU
		{2D6CE6B2-E237-4DAF-8BE9-6C48044597FB}.Debug|Mixed Platforms.ActiveCfg = Debug|Any CPU
		{2D6CE6B2-E237-4DAF-8BE9-6C48044597FB}.Debug|Mixed Platforms.Build.0 = Debug|Any CPU
		{2D6CE6B2-E237-4DAF-8BE9-6C48044597FB}.Debug|Win32.ActiveCfg = Debug|Any CPU
		{2D6CE6B2-E237-4DAF-8BE9-6C48044597FB}.Debug|x64.ActiveCfg = Debug|Any CPU
		{2D6CE6B2-E237-4DAF-8BE9-6C48044597FB}.Release|Any CPU.ActiveCfg = Release|Any CPU
		{2D6CE6B2-E237-4DAF-8BE9-6C48044597FB}.Release|Any CPU.Build.0 = Release|Any CPU
		{2D6CE6B2-E237-4DAF-8BE9-6C48044597FB}.Release|Mixed Platforms.ActiveCfg = Release|Any CPU
		{2D6CE6B2-E237-4DAF-8BE9-6C48044597FB}.Release|Mixed Platforms.Build.0 = Release|Any CPU
		{2D6CE6B2-E237-4DAF-8BE9-6C48044597FB}.Release|Win32.ActiveCfg = Release|Any CPU
		{2D6CE6B2-E237-4DAF-8BE9-6C48044597FB}.Release|x64.ActiveCfg = Release|Any CPU
	EndGlobalSection
	GlobalSection(SolutionProperties) = preSolution
		HideSolutionNode = FALSE
	EndGlobalSection
EndGlobal
